
Microsoft Visual Studio Solution File, Format Version 12.00
# Visual Studio Version 17
VisualStudioVersion = 17.8.34330.188
MinimumVisualStudioVersion = 10.0.40219.1
Project("{9A19103F-16F7-4668-BE54-9A1E7A4F7556}") = "StaffHub", "src\StaffHub\StaffHub.csproj", "{DBF87057-D929-4FF0-8B2E-381C81DAD550}"
EndProject
Project("{9A19103F-16F7-4668-BE54-9A1E7A4F7556}") = "Services", "src\Services\Services.csproj", "{D3EAED0C-0D36-4A97-B47F-4D87FE9F3A3B}"
EndProject
Project("{9A19103F-16F7-4668-BE54-9A1E7A4F7556}") = "Domain", "src\Domain\Domain.csproj", "{072A5C28-08EC-4975-A8B5-840FD8B65DFA}"
EndProject
Project("{9A19103F-16F7-4668-BE54-9A1E7A4F7556}") = "Persistence", "src\Persistence\Persistence.csproj", "{A1AF897F-766C-4FA9-858E-E0463B466C0C}"
EndProject
Global
	GlobalSection(SolutionConfigurationPlatforms) = preSolution
		Debug|Any CPU = Debug|Any CPU
		Release|Any CPU = Release|Any CPU
	EndGlobalSection
	GlobalSection(ProjectConfigurationPlatforms) = postSolution
		{DBF87057-D929-4FF0-8B2E-381C81DAD550}.Debug|Any CPU.ActiveCfg = Debug|Any CPU
		{DBF87057-D929-4FF0-8B2E-381C81DAD550}.Debug|Any CPU.Build.0 = Debug|Any CPU
		{DBF87057-D929-4FF0-8B2E-381C81DAD550}.Release|Any CPU.ActiveCfg = Release|Any CPU
		{DBF87057-D929-4FF0-8B2E-381C81DAD550}.Release|Any CPU.Build.0 = Release|Any CPU
		{D3EAED0C-0D36-4A97-B47F-4D87FE9F3A3B}.Debug|Any CPU.ActiveCfg = Debug|Any CPU
		{D3EAED0C-0D36-4A97-B47F-4D87FE9F3A3B}.Debug|Any CPU.Build.0 = Debug|Any CPU
		{D3EAED0C-0D36-4A97-B47F-4D87FE9F3A3B}.Release|Any CPU.ActiveCfg = Release|Any CPU
		{D3EAED0C-0D36-4A97-B47F-4D87FE9F3A3B}.Release|Any CPU.Build.0 = Release|Any CPU
		{072A5C28-08EC-4975-A8B5-840FD8B65DFA}.Debug|Any CPU.ActiveCfg = Debug|Any CPU
		{072A5C28-08EC-4975-A8B5-840FD8B65DFA}.Debug|Any CPU.Build.0 = Debug|Any CPU
		{072A5C28-08EC-4975-A8B5-840FD8B65DFA}.Release|Any CPU.ActiveCfg = Release|Any CPU
		{072A5C28-08EC-4975-A8B5-840FD8B65DFA}.Release|Any CPU.Build.0 = Release|Any CPU
		{A1AF897F-766C-4FA9-858E-E0463B466C0C}.Debug|Any CPU.ActiveCfg = Debug|Any CPU
		{A1AF897F-766C-4FA9-858E-E0463B466C0C}.Debug|Any CPU.Build.0 = Debug|Any CPU
		{A1AF897F-766C-4FA9-858E-E0463B466C0C}.Release|Any CPU.ActiveCfg = Release|Any CPU
		{A1AF897F-766C-4FA9-858E-E0463B466C0C}.Release|Any CPU.Build.0 = Release|Any CPU
	EndGlobalSection
	GlobalSection(SolutionProperties) = preSolution
		HideSolutionNode = FALSE
	EndGlobalSection
	GlobalSection(ExtensibilityGlobals) = postSolution
		SolutionGuid = {8A144D27-F060-4306-B92C-1D8C073B9869}
	EndGlobalSection
EndGlobal
