
Microsoft Visual Studio Solution File, Format Version 12.00
# Visual Studio Version 17
VisualStudioVersion = 17.8.34330.188
MinimumVisualStudioVersion = 10.0.40219.1
Project("{FAE04EC0-301F-11D3-BF4B-00C04F79EFBC}") = "StaffHub", "StaffHub\StaffHub.csproj", "{4CCDEC97-DC80-4C8A-A751-ED40B98D636F}"
EndProject
Global
	GlobalSection(SolutionConfigurationPlatforms) = preSolution
		Debug|Any CPU = Debug|Any CPU
		Release|Any CPU = Release|Any CPU
	EndGlobalSection
	GlobalSection(ProjectConfigurationPlatforms) = postSolution
		{4CCDEC97-DC80-4C8A-A751-ED40B98D636F}.Debug|Any CPU.ActiveCfg = Debug|Any CPU
		{4CCDEC97-DC80-4C8A-A751-ED40B98D636F}.Debug|Any CPU.Build.0 = Debug|Any CPU
		{4CCDEC97-DC80-4C8A-A751-ED40B98D636F}.Release|Any CPU.ActiveCfg = Release|Any CPU
		{4CCDEC97-DC80-4C8A-A751-ED40B98D636F}.Release|Any CPU.Build.0 = Release|Any CPU
	EndGlobalSection
	GlobalSection(SolutionProperties) = preSolution
		HideSolutionNode = FALSE
	EndGlobalSection
	GlobalSection(ExtensibilityGlobals) = postSolution
		SolutionGuid = {8A144D27-F060-4306-B92C-1D8C073B9869}
	EndGlobalSection
EndGlobal
